
Microsoft Visual Studio Solution File, Format Version 12.00
# Visual Studio Version 16
VisualStudioVersion = 16.0.29728.190
MinimumVisualStudioVersion = 10.0.40219.1
Project("{FAE04EC0-301F-11D3-BF4B-00C04F79EFBC}") = "WebAPI", "WebAPI\WebAPI.csproj", "{9FEEB8A6-9512-4A56-8FFD-1784BBC11495}"
EndProject
Project("{FAE04EC0-301F-11D3-BF4B-00C04F79EFBC}") = "DAL", "DAL\DAL.csproj", "{891E5962-796B-45A7-A01E-DBFA792F0A5A}"
EndProject
Global
	GlobalSection(SolutionConfigurationPlatforms) = preSolution
		Debug|Any CPU = Debug|Any CPU
		Release|Any CPU = Release|Any CPU
	EndGlobalSection
	GlobalSection(ProjectConfigurationPlatforms) = postSolution
		{9FEEB8A6-9512-4A56-8FFD-1784BBC11495}.Debug|Any CPU.ActiveCfg = Debug|Any CPU
		{9FEEB8A6-9512-4A56-8FFD-1784BBC11495}.Debug|Any CPU.Build.0 = Debug|Any CPU
		{9FEEB8A6-9512-4A56-8FFD-1784BBC11495}.Release|Any CPU.ActiveCfg = Release|Any CPU
		{9FEEB8A6-9512-4A56-8FFD-1784BBC11495}.Release|Any CPU.Build.0 = Release|Any CPU
		{891E5962-796B-45A7-A01E-DBFA792F0A5A}.Debug|Any CPU.ActiveCfg = Debug|Any CPU
		{891E5962-796B-45A7-A01E-DBFA792F0A5A}.Debug|Any CPU.Build.0 = Debug|Any CPU
		{891E5962-796B-45A7-A01E-DBFA792F0A5A}.Release|Any CPU.ActiveCfg = Release|Any CPU
		{891E5962-796B-45A7-A01E-DBFA792F0A5A}.Release|Any CPU.Build.0 = Release|Any CPU
	EndGlobalSection
	GlobalSection(SolutionProperties) = preSolution
		HideSolutionNode = FALSE
	EndGlobalSection
	GlobalSection(ExtensibilityGlobals) = postSolution
		SolutionGuid = {F1F8B15A-75BC-49F8-927B-4F385F025858}
	EndGlobalSection
EndGlobal
